
Microsoft Visual Studio Solution File, Format Version 12.00
# Visual Studio Version 16
VisualStudioVersion = 16.0.30011.22
MinimumVisualStudioVersion = 10.0.40219.1
Project("{9A19103F-16F7-4668-BE54-9A1E7A4F7556}") = "blobtriggerdownload", "blobtriggerdownload\blobtriggerdownload.csproj", "{5A8675F3-C9C4-4CB9-A0DE-9085B1963557}"
EndProject
Global
	GlobalSection(SolutionConfigurationPlatforms) = preSolution
		Debug|Any CPU = Debug|Any CPU
		Release|Any CPU = Release|Any CPU
	EndGlobalSection
	GlobalSection(ProjectConfigurationPlatforms) = postSolution
		{5A8675F3-C9C4-4CB9-A0DE-9085B1963557}.Debug|Any CPU.ActiveCfg = Debug|Any CPU
		{5A8675F3-C9C4-4CB9-A0DE-9085B1963557}.Debug|Any CPU.Build.0 = Debug|Any CPU
		{5A8675F3-C9C4-4CB9-A0DE-9085B1963557}.Release|Any CPU.ActiveCfg = Release|Any CPU
		{5A8675F3-C9C4-4CB9-A0DE-9085B1963557}.Release|Any CPU.Build.0 = Release|Any CPU
	EndGlobalSection
	GlobalSection(SolutionProperties) = preSolution
		HideSolutionNode = FALSE
	EndGlobalSection
	GlobalSection(ExtensibilityGlobals) = postSolution
		SolutionGuid = {40A524A3-AD19-4530-93DC-80A088268AD2}
	EndGlobalSection
EndGlobal
